
Microsoft Visual Studio Solution File, Format Version 12.00
# Visual Studio 15
VisualStudioVersion = 15.0.27428.2005
MinimumVisualStudioVersion = 10.0.40219.1
Project("{8BC9CEB8-8B4A-11D0-8D11-00A0C91BC942}") = "DataTypesExercise", "DataTypesExercise\DataTypesExercise.vcxproj", "{41D66A35-172C-4FC0-AF0D-37528B9F4BB9}"
EndProject
Global
	GlobalSection(SolutionConfigurationPlatforms) = preSolution
		Debug|x64 = Debug|x64
		Debug|x86 = Debug|x86
		Release|x64 = Release|x64
		Release|x86 = Release|x86
	EndGlobalSection
	GlobalSection(ProjectConfigurationPlatforms) = postSolution
		{41D66A35-172C-4FC0-AF0D-37528B9F4BB9}.Debug|x64.ActiveCfg = Debug|x64
		{41D66A35-172C-4FC0-AF0D-37528B9F4BB9}.Debug|x64.Build.0 = Debug|x64
		{41D66A35-172C-4FC0-AF0D-37528B9F4BB9}.Debug|x86.ActiveCfg = Debug|Win32
		{41D66A35-172C-4FC0-AF0D-37528B9F4BB9}.Debug|x86.Build.0 = Debug|Win32
		{41D66A35-172C-4FC0-AF0D-37528B9F4BB9}.Release|x64.ActiveCfg = Release|x64
		{41D66A35-172C-4FC0-AF0D-37528B9F4BB9}.Release|x64.Build.0 = Release|x64
		{41D66A35-172C-4FC0-AF0D-37528B9F4BB9}.Release|x86.ActiveCfg = Release|Win32
		{41D66A35-172C-4FC0-AF0D-37528B9F4BB9}.Release|x86.Build.0 = Release|Win32
	EndGlobalSection
	GlobalSection(SolutionProperties) = preSolution
		HideSolutionNode = FALSE
	EndGlobalSection
	GlobalSection(ExtensibilityGlobals) = postSolution
		SolutionGuid = {7CD41CB4-B9C6-44EA-840D-D0100DB400DF}
	EndGlobalSection
EndGlobal
